PODS:
  - GaugeKit (0.3.2)
  - KDInteractiveNavigationController (0.1.2)
  - PureLayout (3.0.1)
  - SwiftyButton (0.4.0):
    - SwiftyButton/CustomContent (= 0.4.0)
  - SwiftyButton/CustomContent (0.4.0):
    - PureLayout (~> 3.0)
  - TextFieldEffects (1.1.1)

DEPENDENCIES:
  - GaugeKit
  - KDInteractiveNavigationController
  - SwiftyButton
  - TextFieldEffects

SPEC CHECKSUMS:
  GaugeKit: 4d5c3491521ed2d6e2f83cac5f51d0cd09db8989
  KDInteractiveNavigationController: c719bdf18062213315890c4648d37156a621b520
  PureLayout: f35f5384c9c4e4479df041dbe33ad7577b71ddfb
  SwiftyButton: fffcc0d82b2b5f9ec1681f20ee9c67bed0d5c73b
  TextFieldEffects: a1a78efeb93b65c611ad287b28a068c9a4a5f5b4

COCOAPODS: 0.39.0
